github.com/dimsonson/YPracticum_Go1/S2T3L4_extern_depend/summodule v0.0.0-20220819141220-18d2a650c506 h1:kifWP4+X0f9wupmUsCaHG9pZoUKyhkKdI74+2IiFdQw=
github.com/dimsonson/YPracticum_Go1/S2T3L4_extern_depend/summodule v0.0.0-20220819141220-18d2a650c506/go.mod h1:PgTvaWl359/eJ8jHCOM3Zzop80XPOMH61GhHu3CowZc=
