github.com/dimsonson/YPracticum_Go1/S3T2L2_interface_std_lib/example/randbyte v0.0.0-20220822101433-b3de8df435cd h1:TiDae6gtYn+ICMUInGSnYndj0sTmwSN4qiBfZ1+fEP4=
github.com/dimsonson/YPracticum_Go1/S3T2L2_interface_std_lib/example/randbyte v0.0.0-20220822101433-b3de8df435cd/go.mod h1:KkusLJp46ZCTxMi7Wtn+CCFJyCp6GXJ9kR++UAEiVWM=
