github.com/dimsonson/YPracticum_Go1/S3T2L1_interface_concept/company v0.0.0-20220821200703-9ed4f5ec3370 h1:Cy6phd8B6j/Y2MLjW4pX9hKsVahOTJoyxsm+3gw037s=
github.com/dimsonson/YPracticum_Go1/S3T2L1_interface_concept/company v0.0.0-20220821200703-9ed4f5ec3370/go.mod h1:q5lZ5R9G9jQ+ewteu0uCIAFv/2wCZBR+mBhdFHiWuis=
github.com/dimsonson/YPracticum_Go1/S3T2L1_interface_concept/person v0.0.0-20220821200703-9ed4f5ec3370 h1:gXXoirXPy5xlI9rFAJ7xgdEryKIIbwlS9Q15O6Iw108=
github.com/dimsonson/YPracticum_Go1/S3T2L1_interface_concept/person v0.0.0-20220821200703-9ed4f5ec3370/go.mod h1:NsJ0bhnAsLfkIrQFcYmiPKpxKsCgsRfMrl/E2eQfH/A=
